// !$*UTF8*$!
{
	archiveVersion = 1;
	classes = {
	};
	objectVersion = 56;
	objects = {

/* Begin PBXBuildFile section */
		5522B3FA2BEAD4F200D9FC43 /* Task_UpApp.swift in Sources */ = {isa = PBXBuildFile; fileRef = 5522B3F92BEAD4F200D9FC43 /* Task_UpApp.swift */; };
		5522B3FC2BEAD4F200D9FC43 /* ContentView.swift in Sources */ = {isa = PBXBuildFile; fileRef = 5522B3FB2BEAD4F200D9FC43 /* ContentView.swift */; };
		5522B3FE2BEAD4F500D9FC43 /* Assets.xcassets in Resources */ = {isa = PBXBuildFile; fileRef = 5522B3FD2BEAD4F500D9FC43 /* Assets.xcassets */; };
		5522B40D2BEADC2300D9FC43 /* Task.swift in Sources */ = {isa = PBXBuildFile; fileRef = 5522B40C2BEADC2300D9FC43 /* Task.swift */; };
		5522B40F2BEADE3300D9FC43 /* +View.swift in Sources */ = {isa = PBXBuildFile; fileRef = 5522B40E2BEADE3300D9FC43 /* +View.swift */; };
		5522B4112BEAE11D00D9FC43 /* DateExtension.swift in Sources */ = {isa = PBXBuildFile; fileRef = 5522B4102BEAE11D00D9FC43 /* DateExtension.swift */; };
		5522B4132BEAFCF900D9FC43 /* OffsetKey.swift in Sources */ = {isa = PBXBuildFile; fileRef = 5522B4122BEAFCF900D9FC43 /* OffsetKey.swift */; };
		5522B4152BEB087B00D9FC43 /* TaskItem.swift in Sources */ = {isa = PBXBuildFile; fileRef = 5522B4142BEB087B00D9FC43 /* TaskItem.swift */; };
		5522B4172BEB16AF00D9FC43 /* NewTask.swift in Sources */ = {isa = PBXBuildFile; fileRef = 5522B4162BEB16AF00D9FC43 /* NewTask.swift */; };
		5522B4192BEB483500D9FC43 /* TasksView.swift in Sources */ = {isa = PBXBuildFile; fileRef = 5522B4182BEB483400D9FC43 /* TasksView.swift */; };
		5522B41E2BEC0D3700D9FC43 /* TasksSwipe.swift in Sources */ = {isa = PBXBuildFile; fileRef = 5522B41D2BEC0D3600D9FC43 /* TasksSwipe.swift */; };
/* End PBXBuildFile section */

/* Begin PBXFileReference section */
		5522B3F62BEAD4F200D9FC43 /* Task Up.app */ = {isa = PBXFileReference; explicitFileType = wrapper.application; includeInIndex = 0; path = "Task Up.app"; sourceTree = BUILT_PRODUCTS_DIR; };
		5522B3F92BEAD4F200D9FC43 /* Task_UpApp.swift */ = {isa = PBXFileReference; lastKnownFileType = sourcecode.swift; path = Task_UpApp.swift; sourceTree = "<group>"; };
		5522B3FB2BEAD4F200D9FC43 /* ContentView.swift */ = {isa = PBXFileReference; lastKnownFileType = sourcecode.swift; path = ContentView.swift; sourceTree = "<group>"; };
		5522B3FD2BEAD4F500D9FC43 /* Assets.xcassets */ = {isa = PBXFileReference; lastKnownFileType = folder.assetcatalog; path = Assets.xcassets; sourceTree = "<group>"; };
		5522B40C2BEADC2300D9FC43 /* Task.swift */ = {isa = PBXFileReference; lastKnownFileType = sourcecode.swift; path = Task.swift; sourceTree = "<group>"; };
		5522B40E2BEADE3300D9FC43 /* +View.swift */ = {isa = PBXFileReference; lastKnownFileType = sourcecode.swift; path = "+View.swift"; sourceTree = "<group>"; };
		5522B4102BEAE11D00D9FC43 /* DateExtension.swift */ = {isa = PBXFileReference; lastKnownFileType = sourcecode.swift; path = DateExtension.swift; sourceTree = "<group>"; };
		5522B4122BEAFCF900D9FC43 /* OffsetKey.swift */ = {isa = PBXFileReference; lastKnownFileType = sourcecode.swift; path = OffsetKey.swift; sourceTree = "<group>"; };
		5522B4142BEB087B00D9FC43 /* TaskItem.swift */ = {isa = PBXFileReference; lastKnownFileType = sourcecode.swift; path = TaskItem.swift; sourceTree = "<group>"; };
		5522B4162BEB16AF00D9FC43 /* NewTask.swift */ = {isa = PBXFileReference; lastKnownFileType = sourcecode.swift; path = NewTask.swift; sourceTree = "<group>"; };
		5522B4182BEB483400D9FC43 /* TasksView.swift */ = {isa = PBXFileReference; lastKnownFileType = sourcecode.swift; path = TasksView.swift; sourceTree = "<group>"; };
		5522B41D2BEC0D3600D9FC43 /* TasksSwipe.swift */ = {isa = PBXFileReference; lastKnownFileType = sourcecode.swift; path = TasksSwipe.swift; sourceTree = "<group>"; };
		5522B4232BEC61AA00D9FC43 /* Task-Up-Info.plist */ = {isa = PBXFileReference; lastKnownFileType = text.plist; path = "Task-Up-Info.plist"; sourceTree = SOURCE_ROOT; };
/* End PBXFileReference section */

/* Begin PBXFrameworksBuildPhase section */
		5522B3F32BEAD4F200D9FC43 /* Frameworks */ = {
			isa = PBXFrameworksBuildPhase;
			buildActionMask = 2147483647;
			files = (
			);
			runOnlyForDeploymentPostprocessing = 0;
		};
/* End PBXFrameworksBuildPhase section */

/* Begin PBXGroup section */
		5522B3ED2BEAD4F200D9FC43 = {
			isa = PBXGroup;
			children = (
				5522B3F82BEAD4F200D9FC43 /* Task Up */,
				5522B3F72BEAD4F200D9FC43 /* Products */,
			);
			sourceTree = "<group>";
		};
		5522B3F72BEAD4F200D9FC43 /* Products */ = {
			isa = PBXGroup;
			children = (
				5522B3F62BEAD4F200D9FC43 /* Task Up.app */,
			);
			name = Products;
			sourceTree = "<group>";
		};
		5522B3F82BEAD4F200D9FC43 /* Task Up */ = {
			isa = PBXGroup;
			children = (
				5522B4232BEC61AA00D9FC43 /* Task-Up-Info.plist */,
				5522B3F92BEAD4F200D9FC43 /* Task_UpApp.swift */,
				5522B40C2BEADC2300D9FC43 /* Task.swift */,
				5522B40E2BEADE3300D9FC43 /* +View.swift */,
				5522B4162BEB16AF00D9FC43 /* NewTask.swift */,
				5522B41D2BEC0D3600D9FC43 /* TasksSwipe.swift */,
				5522B3FB2BEAD4F200D9FC43 /* ContentView.swift */,
				5522B4182BEB483400D9FC43 /* TasksView.swift */,
				5522B4142BEB087B00D9FC43 /* TaskItem.swift */,
				5522B4122BEAFCF900D9FC43 /* OffsetKey.swift */,
				5522B4102BEAE11D00D9FC43 /* DateExtension.swift */,
				5522B3FD2BEAD4F500D9FC43 /* Assets.xcassets */,
			);
			path = "Task Up";
			sourceTree = "<group>";
		};
/* End PBXGroup section */

/* Begin PBXNativeTarget section */
		5522B3F52BEAD4F200D9FC43 /* Task Up */ = {
			isa = PBXNativeTarget;
			buildConfigurationList = 5522B4092BEAD4F500D9FC43 /* Build configuration list for PBXNativeTarget "Task Up" */;
			buildPhases = (
				5522B3F22BEAD4F200D9FC43 /* Sources */,
				5522B3F32BEAD4F200D9FC43 /* Frameworks */,
				5522B3F42BEAD4F200D9FC43 /* Resources */,
			);
			buildRules = (
			);
			dependencies = (
			);
			name = "Task Up";
			productName = "Task Up";
			productReference = 5522B3F62BEAD4F200D9FC43 /* Task Up.app */;
			productType = "com.apple.product-type.application";
		};
/* End PBXNativeTarget section */

/* Begin PBXProject section */
		5522B3EE2BEAD4F200D9FC43 /* Project object */ = {
			isa = PBXProject;
			attributes = {
				BuildIndependentTargetsInParallel = 1;
				LastSwiftUpdateCheck = 1530;
				LastUpgradeCheck = 1530;
				TargetAttributes = {
					5522B3F52BEAD4F200D9FC43 = {
						CreatedOnToolsVersion = 15.3;
					};
				};
			};
			buildConfigurationList = 5522B3F12BEAD4F200D9FC43 /* Build configuration list for PBXProject "Task Up" */;
			compatibilityVersion = "Xcode 14.0";
			developmentRegion = en;
			hasScannedForEncodings = 0;
			knownRegions = (
				en,
				Base,
			);
			mainGroup = 5522B3ED2BEAD4F200D9FC43;
			productRefGroup = 5522B3F72BEAD4F200D9FC43 /* Products */;
			projectDirPath = "";
			projectRoot = "";
			targets = (
				5522B3F52BEAD4F200D9FC43 /* Task Up */,
			);
		};
/* End PBXProject section */

/* Begin PBXResourcesBuildPhase section */
		5522B3F42BEAD4F200D9FC43 /* Resources */ = {
			isa = PBXResourcesBuildPhase;
			buildActionMask = 2147483647;
			files = (
				5522B3FE2BEAD4F500D9FC43 /* Assets.xcassets in Resources */,
			);
			runOnlyForDeploymentPostprocessing = 0;
		};
/* End PBXResourcesBuildPhase section */

/* Begin PBXSourcesBuildPhase section */
		5522B3F22BEAD4F200D9FC43 /* Sources */ = {
			isa = PBXSourcesBuildPhase;
			buildActionMask = 2147483647;
			files = (
				5522B4112BEAE11D00D9FC43 /* DateExtension.swift in Sources */,
				5522B41E2BEC0D3700D9FC43 /* TasksSwipe.swift in Sources */,
				5522B4132BEAFCF900D9FC43 /* OffsetKey.swift in Sources */,
				5522B3FC2BEAD4F200D9FC43 /* ContentView.swift in Sources */,
				5522B4152BEB087B00D9FC43 /* TaskItem.swift in Sources */,
				5522B40F2BEADE3300D9FC43 /* +View.swift in Sources */,
				5522B40D2BEADC2300D9FC43 /* Task.swift in Sources */,
				5522B4172BEB16AF00D9FC43 /* NewTask.swift in Sources */,
				5522B3FA2BEAD4F200D9FC43 /* Task_UpApp.swift in Sources */,
				5522B4192BEB483500D9FC43 /* TasksView.swift in Sources */,
			);
			runOnlyForDeploymentPostprocessing = 0;
		};
/* End PBXSourcesBuildPhase section */

/* Begin XCBuildConfiguration section */
		5522B4072BEAD4F500D9FC43 /* Debug */ = {
			isa = XCBuildConfiguration;
			buildSettings = {
				ALWAYS_SEARCH_USER_PATHS = NO;
				ASSETCATALOG_COMPILER_GENERATE_SWIFT_ASSET_SYMBOL_EXTENSIONS = YES;
				CLANG_ANALYZER_NONNULL = YES;
				CLANG_ANALYZER_NUMBER_OBJECT_CONVERSION = YES_AGGRESSIVE;
				CLANG_CXX_LANGUAGE_STANDARD = "gnu++20";
				CLANG_ENABLE_MODULES = YES;
				CLANG_ENABLE_OBJC_ARC = YES;
				CLANG_ENABLE_OBJC_WEAK = YES;
				CLANG_WARN_BLOCK_CAPTURE_AUTORELEASING = YES;
				CLANG_WARN_BOOL_CONVERSION = YES;
				CLANG_WARN_COMMA = YES;
				CLANG_WARN_CONSTANT_CONVERSION = YES;
				CLANG_WARN_DEPRECATED_OBJC_IMPLEMENTATIONS = YES;
				CLANG_WARN_DIRECT_OBJC_ISA_USAGE = YES_ERROR;
				CLANG_WARN_DOCUMENTATION_COMMENTS = YES;
				CLANG_WARN_EMPTY_BODY = YES;
				CLANG_WARN_ENUM_CONVERSION = YES;
				CLANG_WARN_INFINITE_RECURSION = YES;
				CLANG_WARN_INT_CONVERSION = YES;
				CLANG_WARN_NON_LITERAL_NULL_CONVERSION = YES;
				CLANG_WARN_OBJC_IMPLICIT_RETAIN_SELF = YES;
				CLANG_WARN_OBJC_LITERAL_CONVERSION = YES;
				CLANG_WARN_OBJC_ROOT_CLASS = YES_ERROR;
				CLANG_WARN_QUOTED_INCLUDE_IN_FRAMEWORK_HEADER = YES;
				CLANG_WARN_RANGE_LOOP_ANALYSIS = YES;
				CLANG_WARN_STRICT_PROTOTYPES = YES;
				CLANG_WARN_SUSPICIOUS_MOVE = YES;
				CLANG_WARN_UNGUARDED_AVAILABILITY = YES_AGGRESSIVE;
				CLANG_WARN_UNREACHABLE_CODE = YES;
				CLANG_WARN__DUPLICATE_METHOD_MATCH = YES;
				COPY_PHASE_STRIP = NO;
				DEBUG_INFORMATION_FORMAT = dwarf;
				ENABLE_STRICT_OBJC_MSGSEND = YES;
				ENABLE_TESTABILITY = YES;
				ENABLE_USER_SCRIPT_SANDBOXING = YES;
				GCC_C_LANGUAGE_STANDARD = gnu17;
				GCC_DYNAMIC_NO_PIC = NO;
				GCC_NO_COMMON_BLOCKS = YES;
				GCC_OPTIMIZATION_LEVEL = 0;
				GCC_PREPROCESSOR_DEFINITIONS = (
					"DEBUG=1",
					"$(inherited)",
				);
				GCC_WARN_64_TO_32_BIT_CONVERSION = YES;
				GCC_WARN_ABOUT_RETURN_TYPE = YES_ERROR;
				GCC_WARN_UNDECLARED_SELECTOR = YES;
				GCC_WARN_UNINITIALIZED_AUTOS = YES_AGGRESSIVE;
				GCC_WARN_UNUSED_FUNCTION = YES;
				GCC_WARN_UNUSED_VARIABLE = YES;
				IPHONEOS_DEPLOYMENT_TARGET = 17.4;
				LOCALIZATION_PREFERS_STRING_CATALOGS = YES;
				MTL_ENABLE_DEBUG_INFO = INCLUDE_SOURCE;
				MTL_FAST_MATH = YES;
				ONLY_ACTIVE_ARCH = YES;
				SDKROOT = iphoneos;
				SWIFT_ACTIVE_COMPILATION_CONDITIONS = "DEBUG $(inherited)";
				SWIFT_OPTIMIZATION_LEVEL = "-Onone";
			};
			name = Debug;
		};
		5522B4082BEAD4F500D9FC43 /* Release */ = {
			isa = XCBuildConfiguration;
			buildSettings = {
				ALWAYS_SEARCH_USER_PATHS = NO;
				ASSETCATALOG_COMPILER_GENERATE_SWIFT_ASSET_SYMBOL_EXTENSIONS = YES;
				CLANG_ANALYZER_NONNULL = YES;
				CLANG_ANALYZER_NUMBER_OBJECT_CONVERSION = YES_AGGRESSIVE;
				CLANG_CXX_LANGUAGE_STANDARD = "gnu++20";
				CLANG_ENABLE_MODULES = YES;
				CLANG_ENABLE_OBJC_ARC = YES;
				CLANG_ENABLE_OBJC_WEAK = YES;
				CLANG_WARN_BLOCK_CAPTURE_AUTORELEASING = YES;
				CLANG_WARN_BOOL_CONVERSION = YES;
				CLANG_WARN_COMMA = YES;
				CLANG_WARN_CONSTANT_CONVERSION = YES;
				CLANG_WARN_DEPRECATED_OBJC_IMPLEMENTATIONS = YES;
				CLANG_WARN_DIRECT_OBJC_ISA_USAGE = YES_ERROR;
				CLANG_WARN_DOCUMENTATION_COMMENTS = YES;
				CLANG_WARN_EMPTY_BODY = YES;
				CLANG_WARN_ENUM_CONVERSION = YES;
				CLANG_WARN_INFINITE_RECURSION = YES;
				CLANG_WARN_INT_CONVERSION = YES;
				CLANG_WARN_NON_LITERAL_NULL_CONVERSION = YES;
				CLANG_WARN_OBJC_IMPLICIT_RETAIN_SELF = YES;
				CLANG_WARN_OBJC_LITERAL_CONVERSION = YES;
				CLANG_WARN_OBJC_ROOT_CLASS = YES_ERROR;
				CLANG_WARN_QUOTED_INCLUDE_IN_FRAMEWORK_HEADER = YES;
				CLANG_WARN_RANGE_LOOP_ANALYSIS = YES;
				CLANG_WARN_STRICT_PROTOTYPES = YES;
				CLANG_WARN_SUSPICIOUS_MOVE = YES;
				CLANG_WARN_UNGUARDED_AVAILABILITY = YES_AGGRESSIVE;
				CLANG_WARN_UNREACHABLE_CODE = YES;
				CLANG_WARN__DUPLICATE_METHOD_MATCH = YES;
				COPY_PHASE_STRIP = NO;
				DEBUG_INFORMATION_FORMAT = "dwarf-with-dsym";
				ENABLE_NS_ASSERTIONS = NO;
				ENABLE_STRICT_OBJC_MSGSEND = YES;
				ENABLE_USER_SCRIPT_SANDBOXING = YES;
				GCC_C_LANGUAGE_STANDARD = gnu17;
				GCC_NO_COMMON_BLOCKS = YES;
				GCC_WARN_64_TO_32_BIT_CONVERSION = YES;
				GCC_WARN_ABOUT_RETURN_TYPE = YES_ERROR;
				GCC_WARN_UNDECLARED_SELECTOR = YES;
				GCC_WARN_UNINITIALIZED_AUTOS = YES_AGGRESSIVE;
				GCC_WARN_UNUSED_FUNCTION = YES;
				GCC_WARN_UNUSED_VARIABLE = YES;
				IPHONEOS_DEPLOYMENT_TARGET = 17.4;
				LOCALIZATION_PREFERS_STRING_CATALOGS = YES;
				MTL_ENABLE_DEBUG_INFO = NO;
				MTL_FAST_MATH = YES;
				SDKROOT = iphoneos;
				SWIFT_COMPILATION_MODE = wholemodule;
				VALIDATE_PRODUCT = YES;
			};
			name = Release;
		};
		5522B40A2BEAD4F500D9FC43 /* Debug */ = {
			isa = XCBuildConfiguration;
			buildSettings = {
				ASSETCATALOG_COMPILER_APPICON_NAME = AppIcon;
				ASSETCATALOG_COMPILER_GLOBAL_ACCENT_COLOR_NAME = AccentColor;
				CODE_SIGN_STYLE = Automatic;
				CURRENT_PROJECT_VERSION = 1;
				DEVELOPMENT_TEAM = GA7C535R7S;
				ENABLE_PREVIEWS = YES;
				GENERATE_INFOPLIST_FILE = YES;
				INFOPLIST_FILE = "Task-Up-Info.plist";
				INFOPLIST_KEY_CFBundleDisplayName = "Task Up";
				INFOPLIST_KEY_LSApplicationCategoryType = "public.app-category.productivity";
				INFOPLIST_KEY_UIApplicationSceneManifest_Generation = YES;
				INFOPLIST_KEY_UIApplicationSupportsIndirectInputEvents = YES;
				INFOPLIST_KEY_UILaunchScreen_Generation = YES;
				INFOPLIST_KEY_UISupportedInterfaceOrientations = UIInterfaceOrientationPortrait;
				INFOPLIST_KEY_UIUserInterfaceStyle = light;
				LD_RUNPATH_SEARCH_PATHS = (
					"$(inherited)",
					"@executable_path/Frameworks",
				);
				MARKETING_VERSION = 1.0;
				PRODUCT_BUNDLE_IDENTIFIER = "yashas.Task-Up";
				PRODUCT_NAME = "$(TARGET_NAME)";
				SUPPORTED_PLATFORMS = "iphoneos iphonesimulator";
				SUPPORTS_MACCATALYST = NO;
				SUPPORTS_MAC_DESIGNED_FOR_IPHONE_IPAD = NO;
				SUPPORTS_XR_DESIGNED_FOR_IPHONE_IPAD = NO;
				SWIFT_EMIT_LOC_STRINGS = YES;
				SWIFT_VERSION = 5.0;
				TARGETED_DEVICE_FAMILY = 1;
			};
			name = Debug;
		};
		5522B40B2BEAD4F500D9FC43 /* Release */ = {
			isa = XCBuildConfiguration;
			buildSettings = {
				ASSETCATALOG_COMPILER_APPICON_NAME = AppIcon;
				ASSETCATALOG_COMPILER_GLOBAL_ACCENT_COLOR_NAME = AccentColor;
				CODE_SIGN_STYLE = Automatic;
				CURRENT_PROJECT_VERSION = 1;
				DEVELOPMENT_TEAM = GA7C535R7S;
				ENABLE_PREVIEWS = YES;
				GENERATE_INFOPLIST_FILE = YES;
				INFOPLIST_FILE = "Task-Up-Info.plist";
				INFOPLIST_KEY_CFBundleDisplayName = "Task Up";
				INFOPLIST_KEY_LSApplicationCategoryType = "public.app-category.productivity";
				INFOPLIST_KEY_UIApplicationSceneManifest_Generation = YES;
				INFOPLIST_KEY_UIApplicationSupportsIndirectInputEvents = YES;
				INFOPLIST_KEY_UILaunchScreen_Generation = YES;
				INFOPLIST_KEY_UISupportedInterfaceOrientations = UIInterfaceOrientationPortrait;
				INFOPLIST_KEY_UIUserInterfaceStyle = light;
				LD_RUNPATH_SEARCH_PATHS = (
					"$(inherited)",
					"@executable_path/Frameworks",
				);
				MARKETING_VERSION = 1.0;
				PRODUCT_BUNDLE_IDENTIFIER = "yashas.Task-Up";
				PRODUCT_NAME = "$(TARGET_NAME)";
				SUPPORTED_PLATFORMS = "iphoneos iphonesimulator";
				SUPPORTS_MACCATALYST = NO;
				SUPPORTS_MAC_DESIGNED_FOR_IPHONE_IPAD = NO;
				SUPPORTS_XR_DESIGNED_FOR_IPHONE_IPAD = NO;
				SWIFT_EMIT_LOC_STRINGS = YES;
				SWIFT_VERSION = 5.0;
				TARGETED_DEVICE_FAMILY = 1;
			};
			name = Release;
		};
/* End XCBuildConfiguration section */

/* Begin XCConfigurationList section */
		5522B3F12BEAD4F200D9FC43 /* Build configuration list for PBXProject "Task Up" */ = {
			isa = XCConfigurationList;
			buildConfigurations = (
				5522B4072BEAD4F500D9FC43 /* Debug */,
				5522B4082BEAD4F500D9FC43 /* Release */,
			);
			defaultConfigurationIsVisible = 0;
			defaultConfigurationName = Release;
		};
		5522B4092BEAD4F500D9FC43 /* Build configuration list for PBXNativeTarget "Task Up" */ = {
			isa = XCConfigurationList;
			buildConfigurations = (
				5522B40A2BEAD4F500D9FC43 /* Debug */,
				5522B40B2BEAD4F500D9FC43 /* Release */,
			);
			defaultConfigurationIsVisible = 0;
			defaultConfigurationName = Release;
		};
/* End XCConfigurationList section */
	};
	rootObject = 5522B3EE2BEAD4F200D9FC43 /* Project object */;
}
